// !$*UTF8*$!
{
	archiveVersion = 1;
	classes = {
	};
	objectVersion = 55;
	objects = {

/* Begin PBXBuildFile section */
		DE518D222716D03500438956 /* AppDelegate.swift in Sources */ = {isa = PBXBuildFile; fileRef = DE518D212716D03500438956 /* AppDelegate.swift */; };
		DE518D242716D03500438956 /* SceneDelegate.swift in Sources */ = {isa = PBXBuildFile; fileRef = DE518D232716D03500438956 /* SceneDelegate.swift */; };
		DE518D262716D03500438956 /* ViewController.swift in Sources */ = {isa = PBXBuildFile; fileRef = DE518D252716D03500438956 /* ViewController.swift */; };
		DE518D292716D03500438956 /* Main.storyboard in Resources */ = {isa = PBXBuildFile; fileRef = DE518D272716D03500438956 /* Main.storyboard */; };
		DE518D2B2716D03700438956 /* Assets.xcassets in Resources */ = {isa = PBXBuildFile; fileRef = DE518D2A2716D03700438956 /* Assets.xcassets */; };
		DE518D2E2716D03700438956 /* LaunchScreen.storyboard in Resources */ = {isa = PBXBuildFile; fileRef = DE518D2C2716D03700438956 /* LaunchScreen.storyboard */; };
		DE518D392716D03700438956 /* bitrise_spm_cachingTests.swift in Sources */ = {isa = PBXBuildFile; fileRef = DE518D382716D03700438956 /* bitrise_spm_cachingTests.swift */; };
		DE518D432716D03700438956 /* bitrise_spm_cachingUITests.swift in Sources */ = {isa = PBXBuildFile; fileRef = DE518D422716D03700438956 /* bitrise_spm_cachingUITests.swift */; };
		DE518D452716D03700438956 /* bitrise_spm_cachingUITestsLaunchTests.swift in Sources */ = {isa = PBXBuildFile; fileRef = DE518D442716D03700438956 /* bitrise_spm_cachingUITestsLaunchTests.swift */; };
		DE991CFE271713C900E0FE7F /* Charts in Frameworks */ = {isa = PBXBuildFile; productRef = DE991CFD271713C900E0FE7F /* Charts */; };
		DE991D03271713FD00E0FE7F /* Lottie in Frameworks */ = {isa = PBXBuildFile; productRef = DE991D02271713FD00E0FE7F /* Lottie */; };
		DE991D0727171B8C00E0FE7F /* fastlane in Resources */ = {isa = PBXBuildFile; fileRef = DE991D0627171B8C00E0FE7F /* fastlane */; };
/* End PBXBuildFile section */

/* Begin PBXContainerItemProxy section */
		DE518D352716D03700438956 /* PBXContainerItemProxy */ = {
			isa = PBXContainerItemProxy;
			containerPortal = DE518D162716D03500438956 /* Project object */;
			proxyType = 1;
			remoteGlobalIDString = DE518D1D2716D03500438956;
			remoteInfo = "bitrise-spm-caching";
		};
		DE518D3F2716D03700438956 /* PBXContainerItemProxy */ = {
			isa = PBXContainerItemProxy;
			containerPortal = DE518D162716D03500438956 /* Project object */;
			proxyType = 1;
			remoteGlobalIDString = DE518D1D2716D03500438956;
			remoteInfo = "bitrise-spm-caching";
		};
/* End PBXContainerItemProxy section */

/* Begin PBXFileReference section */
		DE518D1E2716D03500438956 /* bitrise-spm-caching.app */ = {isa = PBXFileReference; explicitFileType = wrapper.application; includeInIndex = 0; path = "bitrise-spm-caching.app"; sourceTree = BUILT_PRODUCTS_DIR; };
		DE518D212716D03500438956 /* AppDelegate.swift */ = {isa = PBXFileReference; lastKnownFileType = sourcecode.swift; path = AppDelegate.swift; sourceTree = "<group>"; };
		DE518D232716D03500438956 /* SceneDelegate.swift */ = {isa = PBXFileReference; lastKnownFileType = sourcecode.swift; path = SceneDelegate.swift; sourceTree = "<group>"; };
		DE518D252716D03500438956 /* ViewController.swift */ = {isa = PBXFileReference; lastKnownFileType = sourcecode.swift; path = ViewController.swift; sourceTree = "<group>"; };
		DE518D282716D03500438956 /* Base */ = {isa = PBXFileReference; lastKnownFileType = file.storyboard; name = Base; path = Base.lproj/Main.storyboard; sourceTree = "<group>"; };
		DE518D2A2716D03700438956 /* Assets.xcassets */ = {isa = PBXFileReference; lastKnownFileType = folder.assetcatalog; path = Assets.xcassets; sourceTree = "<group>"; };
		DE518D2D2716D03700438956 /* Base */ = {isa = PBXFileReference; lastKnownFileType = file.storyboard; name = Base; path = Base.lproj/LaunchScreen.storyboard; sourceTree = "<group>"; };
		DE518D2F2716D03700438956 /* Info.plist */ = {isa = PBXFileReference; lastKnownFileType = text.plist.xml; path = Info.plist; sourceTree = "<group>"; };
		DE518D342716D03700438956 /* bitrise-spm-cachingTests.xctest */ = {isa = PBXFileReference; explicitFileType = wrapper.cfbundle; includeInIndex = 0; path = "bitrise-spm-cachingTests.xctest"; sourceTree = BUILT_PRODUCTS_DIR; };
		DE518D382716D03700438956 /* bitrise_spm_cachingTests.swift */ = {isa = PBXFileReference; lastKnownFileType = sourcecode.swift; path = bitrise_spm_cachingTests.swift; sourceTree = "<group>"; };
		DE518D3E2716D03700438956 /* bitrise-spm-cachingUITests.xctest */ = {isa = PBXFileReference; explicitFileType = wrapper.cfbundle; includeInIndex = 0; path = "bitrise-spm-cachingUITests.xctest"; sourceTree = BUILT_PRODUCTS_DIR; };
		DE518D422716D03700438956 /* bitrise_spm_cachingUITests.swift */ = {isa = PBXFileReference; lastKnownFileType = sourcecode.swift; path = bitrise_spm_cachingUITests.swift; sourceTree = "<group>"; };
		DE518D442716D03700438956 /* bitrise_spm_cachingUITestsLaunchTests.swift */ = {isa = PBXFileReference; lastKnownFileType = sourcecode.swift; path = bitrise_spm_cachingUITestsLaunchTests.swift; sourceTree = "<group>"; };
		DE991D0627171B8C00E0FE7F /* fastlane */ = {isa = PBXFileReference; lastKnownFileType = folder; path = fastlane; sourceTree = "<group>"; };
/* End PBXFileReference section */

/* Begin PBXFrameworksBuildPhase section */
		DE518D1B2716D03500438956 /* Frameworks */ = {
			isa = PBXFrameworksBuildPhase;
			buildActionMask = 2147483647;
			files = (
				DE991CFE271713C900E0FE7F /* Charts in Frameworks */,
				DE991D03271713FD00E0FE7F /* Lottie in Frameworks */,
			);
			runOnlyForDeploymentPostprocessing = 0;
		};
		DE518D312716D03700438956 /* Frameworks */ = {
			isa = PBXFrameworksBuildPhase;
			buildActionMask = 2147483647;
			files = (
			);
			runOnlyForDeploymentPostprocessing = 0;
		};
		DE518D3B2716D03700438956 /* Frameworks */ = {
			isa = PBXFrameworksBuildPhase;
			buildActionMask = 2147483647;
			files = (
			);
			runOnlyForDeploymentPostprocessing = 0;
		};
/* End PBXFrameworksBuildPhase section */

/* Begin PBXGroup section */
		DE518D152716D03500438956 = {
			isa = PBXGroup;
			children = (
				DE991D0627171B8C00E0FE7F /* fastlane */,
				DE518D202716D03500438956 /* bitrise-spm-caching */,
				DE518D372716D03700438956 /* bitrise-spm-cachingTests */,
				DE518D412716D03700438956 /* bitrise-spm-cachingUITests */,
				DE518D1F2716D03500438956 /* Products */,
			);
			sourceTree = "<group>";
		};
		DE518D1F2716D03500438956 /* Products */ = {
			isa = PBXGroup;
			children = (
				DE518D1E2716D03500438956 /* bitrise-spm-caching.app */,
				DE518D342716D03700438956 /* bitrise-spm-cachingTests.xctest */,
				DE518D3E2716D03700438956 /* bitrise-spm-cachingUITests.xctest */,
			);
			name = Products;
			sourceTree = "<group>";
		};
		DE518D202716D03500438956 /* bitrise-spm-caching */ = {
			isa = PBXGroup;
			children = (
				DE518D212716D03500438956 /* AppDelegate.swift */,
				DE518D232716D03500438956 /* SceneDelegate.swift */,
				DE518D252716D03500438956 /* ViewController.swift */,
				DE518D272716D03500438956 /* Main.storyboard */,
				DE518D2A2716D03700438956 /* Assets.xcassets */,
				DE518D2C2716D03700438956 /* LaunchScreen.storyboard */,
				DE518D2F2716D03700438956 /* Info.plist */,
			);
			path = "bitrise-spm-caching";
			sourceTree = "<group>";
		};
		DE518D372716D03700438956 /* bitrise-spm-cachingTests */ = {
			isa = PBXGroup;
			children = (
				DE518D382716D03700438956 /* bitrise_spm_cachingTests.swift */,
			);
			path = "bitrise-spm-cachingTests";
			sourceTree = "<group>";
		};
		DE518D412716D03700438956 /* bitrise-spm-cachingUITests */ = {
			isa = PBXGroup;
			children = (
				DE518D422716D03700438956 /* bitrise_spm_cachingUITests.swift */,
				DE518D442716D03700438956 /* bitrise_spm_cachingUITestsLaunchTests.swift */,
			);
			path = "bitrise-spm-cachingUITests";
			sourceTree = "<group>";
		};
/* End PBXGroup section */

/* Begin PBXNativeTarget section */
		DE518D1D2716D03500438956 /* bitrise-spm-caching */ = {
			isa = PBXNativeTarget;
			buildConfigurationList = DE518D482716D03700438956 /* Build configuration list for PBXNativeTarget "bitrise-spm-caching" */;
			buildPhases = (
				DE518D1A2716D03500438956 /* Sources */,
				DE518D1B2716D03500438956 /* Frameworks */,
				DE518D1C2716D03500438956 /* Resources */,
			);
			buildRules = (
			);
			dependencies = (
			);
			name = "bitrise-spm-caching";
			packageProductDependencies = (
				DE991CFD271713C900E0FE7F /* Charts */,
				DE991D02271713FD00E0FE7F /* Lottie */,
			);
			productName = "bitrise-spm-caching";
			productReference = DE518D1E2716D03500438956 /* bitrise-spm-caching.app */;
			productType = "com.apple.product-type.application";
		};
		DE518D332716D03700438956 /* bitrise-spm-cachingTests */ = {
			isa = PBXNativeTarget;
			buildConfigurationList = DE518D4B2716D03700438956 /* Build configuration list for PBXNativeTarget "bitrise-spm-cachingTests" */;
			buildPhases = (
				DE518D302716D03700438956 /* Sources */,
				DE518D312716D03700438956 /* Frameworks */,
				DE518D322716D03700438956 /* Resources */,
			);
			buildRules = (
			);
			dependencies = (
				DE518D362716D03700438956 /* PBXTargetDependency */,
			);
			name = "bitrise-spm-cachingTests";
			productName = "bitrise-spm-cachingTests";
			productReference = DE518D342716D03700438956 /* bitrise-spm-cachingTests.xctest */;
			productType = "com.apple.product-type.bundle.unit-test";
		};
		DE518D3D2716D03700438956 /* bitrise-spm-cachingUITests */ = {
			isa = PBXNativeTarget;
			buildConfigurationList = DE518D4E2716D03700438956 /* Build configuration list for PBXNativeTarget "bitrise-spm-cachingUITests" */;
			buildPhases = (
				DE518D3A2716D03700438956 /* Sources */,
				DE518D3B2716D03700438956 /* Frameworks */,
				DE518D3C2716D03700438956 /* Resources */,
			);
			buildRules = (
			);
			dependencies = (
				DE518D402716D03700438956 /* PBXTargetDependency */,
			);
			name = "bitrise-spm-cachingUITests";
			productName = "bitrise-spm-cachingUITests";
			productReference = DE518D3E2716D03700438956 /* bitrise-spm-cachingUITests.xctest */;
			productType = "com.apple.product-type.bundle.ui-testing";
		};
/* End PBXNativeTarget section */

/* Begin PBXProject section */
		DE518D162716D03500438956 /* Project object */ = {
			isa = PBXProject;
			attributes = {
				BuildIndependentTargetsInParallel = 1;
				LastSwiftUpdateCheck = 1300;
				LastUpgradeCheck = 1300;
				TargetAttributes = {
					DE518D1D2716D03500438956 = {
						CreatedOnToolsVersion = 13.0;
					};
					DE518D332716D03700438956 = {
						CreatedOnToolsVersion = 13.0;
						TestTargetID = DE518D1D2716D03500438956;
					};
					DE518D3D2716D03700438956 = {
						CreatedOnToolsVersion = 13.0;
						TestTargetID = DE518D1D2716D03500438956;
					};
				};
			};
			buildConfigurationList = DE518D192716D03500438956 /* Build configuration list for PBXProject "bitrise-spm-caching" */;
			compatibilityVersion = "Xcode 13.0";
			developmentRegion = en;
			hasScannedForEncodings = 0;
			knownRegions = (
				en,
				Base,
			);
			mainGroup = DE518D152716D03500438956;
			packageReferences = (
				DE991CFC271713C900E0FE7F /* XCRemoteSwiftPackageReference "Charts" */,
				DE991D01271713FD00E0FE7F /* XCRemoteSwiftPackageReference "lottie-ios" */,
			);
			productRefGroup = DE518D1F2716D03500438956 /* Products */;
			projectDirPath = "";
			projectRoot = "";
			targets = (
				DE518D1D2716D03500438956 /* bitrise-spm-caching */,
				DE518D332716D03700438956 /* bitrise-spm-cachingTests */,
				DE518D3D2716D03700438956 /* bitrise-spm-cachingUITests */,
			);
		};
/* End PBXProject section */

/* Begin PBXResourcesBuildPhase section */
		DE518D1C2716D03500438956 /* Resources */ = {
			isa = PBXResourcesBuildPhase;
			buildActionMask = 2147483647;
			files = (
				DE518D2E2716D03700438956 /* LaunchScreen.storyboard in Resources */,
				DE518D2B2716D03700438956 /* Assets.xcassets in Resources */,
				DE991D0727171B8C00E0FE7F /* fastlane in Resources */,
				DE518D292716D03500438956 /* Main.storyboard in Resources */,
			);
			runOnlyForDeploymentPostprocessing = 0;
		};
		DE518D322716D03700438956 /* Resources */ = {
			isa = PBXResourcesBuildPhase;
			buildActionMask = 2147483647;
			files = (
			);
			runOnlyForDeploymentPostprocessing = 0;
		};
		DE518D3C2716D03700438956 /* Resources */ = {
			isa = PBXResourcesBuildPhase;
			buildActionMask = 2147483647;
			files = (
			);
			runOnlyForDeploymentPostprocessing = 0;
		};
/* End PBXResourcesBuildPhase section */

/* Begin PBXSourcesBuildPhase section */
		DE518D1A2716D03500438956 /* Sources */ = {
			isa = PBXSourcesBuildPhase;
			buildActionMask = 2147483647;
			files = (
				DE518D262716D03500438956 /* ViewController.swift in Sources */,
				DE518D222716D03500438956 /* AppDelegate.swift in Sources */,
				DE518D242716D03500438956 /* SceneDelegate.swift in Sources */,
			);
			runOnlyForDeploymentPostprocessing = 0;
		};
		DE518D302716D03700438956 /* Sources */ = {
			isa = PBXSourcesBuildPhase;
			buildActionMask = 2147483647;
			files = (
				DE518D392716D03700438956 /* bitrise_spm_cachingTests.swift in Sources */,
			);
			runOnlyForDeploymentPostprocessing = 0;
		};
		DE518D3A2716D03700438956 /* Sources */ = {
			isa = PBXSourcesBuildPhase;
			buildActionMask = 2147483647;
			files = (
				DE518D452716D03700438956 /* bitrise_spm_cachingUITestsLaunchTests.swift in Sources */,
				DE518D432716D03700438956 /* bitrise_spm_cachingUITests.swift in Sources */,
			);
			runOnlyForDeploymentPostprocessing = 0;
		};
/* End PBXSourcesBuildPhase section */

/* Begin PBXTargetDependency section */
		DE518D362716D03700438956 /* PBXTargetDependency */ = {
			isa = PBXTargetDependency;
			target = DE518D1D2716D03500438956 /* bitrise-spm-caching */;
			targetProxy = DE518D352716D03700438956 /* PBXContainerItemProxy */;
		};
		DE518D402716D03700438956 /* PBXTargetDependency */ = {
			isa = PBXTargetDependency;
			target = DE518D1D2716D03500438956 /* bitrise-spm-caching */;
			targetProxy = DE518D3F2716D03700438956 /* PBXContainerItemProxy */;
		};
/* End PBXTargetDependency section */

/* Begin PBXVariantGroup section */
		DE518D272716D03500438956 /* Main.storyboard */ = {
			isa = PBXVariantGroup;
			children = (
				DE518D282716D03500438956 /* Base */,
			);
			name = Main.storyboard;
			sourceTree = "<group>";
		};
		DE518D2C2716D03700438956 /* LaunchScreen.storyboard */ = {
			isa = PBXVariantGroup;
			children = (
				DE518D2D2716D03700438956 /* Base */,
			);
			name = LaunchScreen.storyboard;
			sourceTree = "<group>";
		};
/* End PBXVariantGroup section */

/* Begin XCBuildConfiguration section */
		DE518D462716D03700438956 /* Debug */ = {
			isa = XCBuildConfiguration;
			buildSettings = {
				ALWAYS_SEARCH_USER_PATHS = NO;
				CLANG_ANALYZER_NONNULL = YES;
				CLANG_ANALYZER_NUMBER_OBJECT_CONVERSION = YES_AGGRESSIVE;
				CLANG_CXX_LANGUAGE_STANDARD = "gnu++17";
				CLANG_CXX_LIBRARY = "libc++";
				CLANG_ENABLE_MODULES = YES;
				CLANG_ENABLE_OBJC_ARC = YES;
				CLANG_ENABLE_OBJC_WEAK = YES;
				CLANG_WARN_BLOCK_CAPTURE_AUTORELEASING = YES;
				CLANG_WARN_BOOL_CONVERSION = YES;
				CLANG_WARN_COMMA = YES;
				CLANG_WARN_CONSTANT_CONVERSION = YES;
				CLANG_WARN_DEPRECATED_OBJC_IMPLEMENTATIONS = YES;
				CLANG_WARN_DIRECT_OBJC_ISA_USAGE = YES_ERROR;
				CLANG_WARN_DOCUMENTATION_COMMENTS = YES;
				CLANG_WARN_EMPTY_BODY = YES;
				CLANG_WARN_ENUM_CONVERSION = YES;
				CLANG_WARN_INFINITE_RECURSION = YES;
				CLANG_WARN_INT_CONVERSION = YES;
				CLANG_WARN_NON_LITERAL_NULL_CONVERSION = YES;
				CLANG_WARN_OBJC_IMPLICIT_RETAIN_SELF = YES;
				CLANG_WARN_OBJC_LITERAL_CONVERSION = YES;
				CLANG_WARN_OBJC_ROOT_CLASS = YES_ERROR;
				CLANG_WARN_QUOTED_INCLUDE_IN_FRAMEWORK_HEADER = YES;
				CLANG_WARN_RANGE_LOOP_ANALYSIS = YES;
				CLANG_WARN_STRICT_PROTOTYPES = YES;
				CLANG_WARN_SUSPICIOUS_MOVE = YES;
				CLANG_WARN_UNGUARDED_AVAILABILITY = YES_AGGRESSIVE;
				CLANG_WARN_UNREACHABLE_CODE = YES;
				CLANG_WARN__DUPLICATE_METHOD_MATCH = YES;
				COPY_PHASE_STRIP = NO;
				DEBUG_INFORMATION_FORMAT = dwarf;
				ENABLE_STRICT_OBJC_MSGSEND = YES;
				ENABLE_TESTABILITY = YES;
				GCC_C_LANGUAGE_STANDARD = gnu11;
				GCC_DYNAMIC_NO_PIC = NO;
				GCC_NO_COMMON_BLOCKS = YES;
				GCC_OPTIMIZATION_LEVEL = 0;
				GCC_PREPROCESSOR_DEFINITIONS = (
					"DEBUG=1",
					"$(inherited)",
				);
				GCC_WARN_64_TO_32_BIT_CONVERSION = YES;
				GCC_WARN_ABOUT_RETURN_TYPE = YES_ERROR;
				GCC_WARN_UNDECLARED_SELECTOR = YES;
				GCC_WARN_UNINITIALIZED_AUTOS = YES_AGGRESSIVE;
				GCC_WARN_UNUSED_FUNCTION = YES;
				GCC_WARN_UNUSED_VARIABLE = YES;
				IPHONEOS_DEPLOYMENT_TARGET = 15.0;
				MTL_ENABLE_DEBUG_INFO = INCLUDE_SOURCE;
				MTL_FAST_MATH = YES;
				ONLY_ACTIVE_ARCH = YES;
				SDKROOT = iphoneos;
				SWIFT_ACTIVE_COMPILATION_CONDITIONS = DEBUG;
				SWIFT_OPTIMIZATION_LEVEL = "-Onone";
			};
			name = Debug;
		};
		DE518D472716D03700438956 /* Release */ = {
			isa = XCBuildConfiguration;
			buildSettings = {
				ALWAYS_SEARCH_USER_PATHS = NO;
				CLANG_ANALYZER_NONNULL = YES;
				CLANG_ANALYZER_NUMBER_OBJECT_CONVERSION = YES_AGGRESSIVE;
				CLANG_CXX_LANGUAGE_STANDARD = "gnu++17";
				CLANG_CXX_LIBRARY = "libc++";
				CLANG_ENABLE_MODULES = YES;
				CLANG_ENABLE_OBJC_ARC = YES;
				CLANG_ENABLE_OBJC_WEAK = YES;
				CLANG_WARN_BLOCK_CAPTURE_AUTORELEASING = YES;
				CLANG_WARN_BOOL_CONVERSION = YES;
				CLANG_WARN_COMMA = YES;
				CLANG_WARN_CONSTANT_CONVERSION = YES;
				CLANG_WARN_DEPRECATED_OBJC_IMPLEMENTATIONS = YES;
				CLANG_WARN_DIRECT_OBJC_ISA_USAGE = YES_ERROR;
				CLANG_WARN_DOCUMENTATION_COMMENTS = YES;
				CLANG_WARN_EMPTY_BODY = YES;
				CLANG_WARN_ENUM_CONVERSION = YES;
				CLANG_WARN_INFINITE_RECURSION = YES;
				CLANG_WARN_INT_CONVERSION = YES;
				CLANG_WARN_NON_LITERAL_NULL_CONVERSION = YES;
				CLANG_WARN_OBJC_IMPLICIT_RETAIN_SELF = YES;
				CLANG_WARN_OBJC_LITERAL_CONVERSION = YES;
				CLANG_WARN_OBJC_ROOT_CLASS = YES_ERROR;
				CLANG_WARN_QUOTED_INCLUDE_IN_FRAMEWORK_HEADER = YES;
				CLANG_WARN_RANGE_LOOP_ANALYSIS = YES;
				CLANG_WARN_STRICT_PROTOTYPES = YES;
				CLANG_WARN_SUSPICIOUS_MOVE = YES;
				CLANG_WARN_UNGUARDED_AVAILABILITY = YES_AGGRESSIVE;
				CLANG_WARN_UNREACHABLE_CODE = YES;
				CLANG_WARN__DUPLICATE_METHOD_MATCH = YES;
				COPY_PHASE_STRIP = NO;
				DEBUG_INFORMATION_FORMAT = "dwarf-with-dsym";
				ENABLE_NS_ASSERTIONS = NO;
				ENABLE_STRICT_OBJC_MSGSEND = YES;
				GCC_C_LANGUAGE_STANDARD = gnu11;
				GCC_NO_COMMON_BLOCKS = YES;
				GCC_WARN_64_TO_32_BIT_CONVERSION = YES;
				GCC_WARN_ABOUT_RETURN_TYPE = YES_ERROR;
				GCC_WARN_UNDECLARED_SELECTOR = YES;
				GCC_WARN_UNINITIALIZED_AUTOS = YES_AGGRESSIVE;
				GCC_WARN_UNUSED_FUNCTION = YES;
				GCC_WARN_UNUSED_VARIABLE = YES;
				IPHONEOS_DEPLOYMENT_TARGET = 15.0;
				MTL_ENABLE_DEBUG_INFO = NO;
				MTL_FAST_MATH = YES;
				SDKROOT = iphoneos;
				SWIFT_COMPILATION_MODE = wholemodule;
				SWIFT_OPTIMIZATION_LEVEL = "-O";
				VALIDATE_PRODUCT = YES;
			};
			name = Release;
		};
		DE518D492716D03700438956 /* Debug */ = {
			isa = XCBuildConfiguration;
			buildSettings = {
				ASSETCATALOG_COMPILER_APPICON_NAME = AppIcon;
				ASSETCATALOG_COMPILER_GLOBAL_ACCENT_COLOR_NAME = AccentColor;
				CODE_SIGN_STYLE = Automatic;
				CURRENT_PROJECT_VERSION = 1;
				DEVELOPMENT_TEAM = 5G786Z6XBU;
				GENERATE_INFOPLIST_FILE = YES;
				INFOPLIST_FILE = "bitrise-spm-caching/Info.plist";
				INFOPLIST_KEY_UIApplicationSupportsIndirectInputEvents = YES;
				INFOPLIST_KEY_UILaunchStoryboardName = LaunchScreen;
				INFOPLIST_KEY_UIMainStoryboardFile = Main;
				INFOPLIST_KEY_UISupportedInterfaceOrientations_iPad = "UIInterfaceOrientationPortrait UIInterfaceOrientationPortraitUpsideDown UIInterfaceOrientationLandscapeLeft UIInterfaceOrientationLandscapeRight";
				INFOPLIST_KEY_UISupportedInterfaceOrientations_iPhone = "UIInterfaceOrientationPortrait UIInterfaceOrientationLandscapeLeft UIInterfaceOrientationLandscapeRight";
				LD_RUNPATH_SEARCH_PATHS = (
					"$(inherited)",
					"@executable_path/Frameworks",
				);
				MARKETING_VERSION = 1.0;
				PRODUCT_BUNDLE_IDENTIFIER = "a.bitrise-spm-caching";
				PRODUCT_NAME = "$(TARGET_NAME)";
				SWIFT_EMIT_LOC_STRINGS = YES;
				SWIFT_VERSION = 5.0;
				TARGETED_DEVICE_FAMILY = "1,2";
			};
			name = Debug;
		};
		DE518D4A2716D03700438956 /* Release */ = {
			isa = XCBuildConfiguration;
			buildSettings = {
				ASSETCATALOG_COMPILER_APPICON_NAME = AppIcon;
				ASSETCATALOG_COMPILER_GLOBAL_ACCENT_COLOR_NAME = AccentColor;
				CODE_SIGN_STYLE = Automatic;
				CURRENT_PROJECT_VERSION = 1;
				DEVELOPMENT_TEAM = 5G786Z6XBU;
				GENERATE_INFOPLIST_FILE = YES;
				INFOPLIST_FILE = "bitrise-spm-caching/Info.plist";
				INFOPLIST_KEY_UIApplicationSupportsIndirectInputEvents = YES;
				INFOPLIST_KEY_UILaunchStoryboardName = LaunchScreen;
				INFOPLIST_KEY_UIMainStoryboardFile = Main;
				INFOPLIST_KEY_UISupportedInterfaceOrientations_iPad = "UIInterfaceOrientationPortrait UIInterfaceOrientationPortraitUpsideDown UIInterfaceOrientationLandscapeLeft UIInterfaceOrientationLandscapeRight";
				INFOPLIST_KEY_UISupportedInterfaceOrientations_iPhone = "UIInterfaceOrientationPortrait UIInterfaceOrientationLandscapeLeft UIInterfaceOrientationLandscapeRight";
				LD_RUNPATH_SEARCH_PATHS = (
					"$(inherited)",
					"@executable_path/Frameworks",
				);
				MARKETING_VERSION = 1.0;
				PRODUCT_BUNDLE_IDENTIFIER = "a.bitrise-spm-caching";
				PRODUCT_NAME = "$(TARGET_NAME)";
				SWIFT_EMIT_LOC_STRINGS = YES;
				SWIFT_VERSION = 5.0;
				TARGETED_DEVICE_FAMILY = "1,2";
			};
			name = Release;
		};
		DE518D4C2716D03700438956 /* Debug */ = {
			isa = XCBuildConfiguration;
			buildSettings = {
				ALWAYS_EMBED_SWIFT_STANDARD_LIBRARIES = YES;
				BUNDLE_LOADER = "$(TEST_HOST)";
				CODE_SIGN_STYLE = Automatic;
				CURRENT_PROJECT_VERSION = 1;
				DEVELOPMENT_TEAM = 5G786Z6XBU;
				GENERATE_INFOPLIST_FILE = YES;
				IPHONEOS_DEPLOYMENT_TARGET = 15.0;
				LD_RUNPATH_SEARCH_PATHS = (
					"$(inherited)",
					"@executable_path/Frameworks",
					"@loader_path/Frameworks",
				);
				MARKETING_VERSION = 1.0;
				PRODUCT_BUNDLE_IDENTIFIER = "a.bitrise-spm-cachingTests";
				PRODUCT_NAME = "$(TARGET_NAME)";
				SWIFT_EMIT_LOC_STRINGS = NO;
				SWIFT_VERSION = 5.0;
				TARGETED_DEVICE_FAMILY = "1,2";
				TEST_HOST = "$(BUILT_PRODUCTS_DIR)/bitrise-spm-caching.app/bitrise-spm-caching";
			};
			name = Debug;
		};
		DE518D4D2716D03700438956 /* Release */ = {
			isa = XCBuildConfiguration;
			buildSettings = {
				ALWAYS_EMBED_SWIFT_STANDARD_LIBRARIES = YES;
				BUNDLE_LOADER = "$(TEST_HOST)";
				CODE_SIGN_STYLE = Automatic;
				CURRENT_PROJECT_VERSION = 1;
				DEVELOPMENT_TEAM = 5G786Z6XBU;
				GENERATE_INFOPLIST_FILE = YES;
				IPHONEOS_DEPLOYMENT_TARGET = 15.0;
				LD_RUNPATH_SEARCH_PATHS = (
					"$(inherited)",
					"@executable_path/Frameworks",
					"@loader_path/Frameworks",
				);
				MARKETING_VERSION = 1.0;
				PRODUCT_BUNDLE_IDENTIFIER = "a.bitrise-spm-cachingTests";
				PRODUCT_NAME = "$(TARGET_NAME)";
				SWIFT_EMIT_LOC_STRINGS = NO;
				SWIFT_VERSION = 5.0;
				TARGETED_DEVICE_FAMILY = "1,2";
				TEST_HOST = "$(BUILT_PRODUCTS_DIR)/bitrise-spm-caching.app/bitrise-spm-caching";
			};
			name = Release;
		};
		DE518D4F2716D03700438956 /* Debug */ = {
			isa = XCBuildConfiguration;
			buildSettings = {
				ALWAYS_EMBED_SWIFT_STANDARD_LIBRARIES = YES;
				CODE_SIGN_STYLE = Automatic;
				CURRENT_PROJECT_VERSION = 1;
				DEVELOPMENT_TEAM = 5G786Z6XBU;
				GENERATE_INFOPLIST_FILE = YES;
				LD_RUNPATH_SEARCH_PATHS = (
					"$(inherited)",
					"@executable_path/Frameworks",
					"@loader_path/Frameworks",
				);
				MARKETING_VERSION = 1.0;
				PRODUCT_BUNDLE_IDENTIFIER = "a.bitrise-spm-cachingUITests";
				PRODUCT_NAME = "$(TARGET_NAME)";
				SWIFT_EMIT_LOC_STRINGS = NO;
				SWIFT_VERSION = 5.0;
				TARGETED_DEVICE_FAMILY = "1,2";
				TEST_TARGET_NAME = "bitrise-spm-caching";
			};
			name = Debug;
		};
		DE518D502716D03700438956 /* Release */ = {
			isa = XCBuildConfiguration;
			buildSettings = {
				ALWAYS_EMBED_SWIFT_STANDARD_LIBRARIES = YES;
				CODE_SIGN_STYLE = Automatic;
				CURRENT_PROJECT_VERSION = 1;
				DEVELOPMENT_TEAM = 5G786Z6XBU;
				GENERATE_INFOPLIST_FILE = YES;
				LD_RUNPATH_SEARCH_PATHS = (
					"$(inherited)",
					"@executable_path/Frameworks",
					"@loader_path/Frameworks",
				);
				MARKETING_VERSION = 1.0;
				PRODUCT_BUNDLE_IDENTIFIER = "a.bitrise-spm-cachingUITests";
				PRODUCT_NAME = "$(TARGET_NAME)";
				SWIFT_EMIT_LOC_STRINGS = NO;
				SWIFT_VERSION = 5.0;
				TARGETED_DEVICE_FAMILY = "1,2";
				TEST_TARGET_NAME = "bitrise-spm-caching";
			};
			name = Release;
		};
/* End XCBuildConfiguration section */

/* Begin XCConfigurationList section */
		DE518D192716D03500438956 /* Build configuration list for PBXProject "bitrise-spm-caching" */ = {
			isa = XCConfigurationList;
			buildConfigurations = (
				DE518D462716D03700438956 /* Debug */,
				DE518D472716D03700438956 /* Release */,
			);
			defaultConfigurationIsVisible = 0;
			defaultConfigurationName = Release;
		};
		DE518D482716D03700438956 /* Build configuration list for PBXNativeTarget "bitrise-spm-caching" */ = {
			isa = XCConfigurationList;
			buildConfigurations = (
				DE518D492716D03700438956 /* Debug */,
				DE518D4A2716D03700438956 /* Release */,
			);
			defaultConfigurationIsVisible = 0;
			defaultConfigurationName = Release;
		};
		DE518D4B2716D03700438956 /* Build configuration list for PBXNativeTarget "bitrise-spm-cachingTests" */ = {
			isa = XCConfigurationList;
			buildConfigurations = (
				DE518D4C2716D03700438956 /* Debug */,
				DE518D4D2716D03700438956 /* Release */,
			);
			defaultConfigurationIsVisible = 0;
			defaultConfigurationName = Release;
		};
		DE518D4E2716D03700438956 /* Build configuration list for PBXNativeTarget "bitrise-spm-cachingUITests" */ = {
			isa = XCConfigurationList;
			buildConfigurations = (
				DE518D4F2716D03700438956 /* Debug */,
				DE518D502716D03700438956 /* Release */,
			);
			defaultConfigurationIsVisible = 0;
			defaultConfigurationName = Release;
		};
/* End XCConfigurationList section */

/* Begin XCRemoteSwiftPackageReference section */
		DE991CFC271713C900E0FE7F /* XCRemoteSwiftPackageReference "Charts" */ = {
			isa = XCRemoteSwiftPackageReference;
			repositoryURL = "https://github.com/danielgindi/Charts.git";
			requirement = {
				branch = master;
				kind = branch;
			};
		};
		DE991D01271713FD00E0FE7F /* XCRemoteSwiftPackageReference "lottie-ios" */ = {
			isa = XCRemoteSwiftPackageReference;
			repositoryURL = "https://github.com/airbnb/lottie-ios";
			requirement = {
				kind = upToNextMajorVersion;
				minimumVersion = 3.0.0;
			};
		};
/* End XCRemoteSwiftPackageReference section */

/* Begin XCSwiftPackageProductDependency section */
		DE991CFD271713C900E0FE7F /* Charts */ = {
			isa = XCSwiftPackageProductDependency;
			package = DE991CFC271713C900E0FE7F /* XCRemoteSwiftPackageReference "Charts" */;
			productName = Charts;
		};
		DE991D02271713FD00E0FE7F /* Lottie */ = {
			isa = XCSwiftPackageProductDependency;
			package = DE991D01271713FD00E0FE7F /* XCRemoteSwiftPackageReference "lottie-ios" */;
			productName = Lottie;
		};
/* End XCSwiftPackageProductDependency section */
	};
	rootObject = DE518D162716D03500438956 /* Project object */;
}
